
Microsoft Visual Studio Solution File, Format Version 12.00
# Visual Studio Version 16
VisualStudioVersion = 16.0.31410.357
MinimumVisualStudioVersion = 10.0.40219.1
Project("{9A19103F-16F7-4668-BE54-9A1E7A4F7556}") = "Tugas 2 Roy", "Tugas 2 Roy\Tugas 2 Roy.csproj", "{62B21699-376F-47FF-8ADE-41573565B3FE}"
EndProject
Global
	GlobalSection(SolutionConfigurationPlatforms) = preSolution
		Debug|Any CPU = Debug|Any CPU
		Release|Any CPU = Release|Any CPU
	EndGlobalSection
	GlobalSection(ProjectConfigurationPlatforms) = postSolution
		{62B21699-376F-47FF-8ADE-41573565B3FE}.Debug|Any CPU.ActiveCfg = Debug|Any CPU
		{62B21699-376F-47FF-8ADE-41573565B3FE}.Debug|Any CPU.Build.0 = Debug|Any CPU
		{62B21699-376F-47FF-8ADE-41573565B3FE}.Release|Any CPU.ActiveCfg = Release|Any CPU
		{62B21699-376F-47FF-8ADE-41573565B3FE}.Release|Any CPU.Build.0 = Release|Any CPU
	EndGlobalSection
	GlobalSection(SolutionProperties) = preSolution
		HideSolutionNode = FALSE
	EndGlobalSection
	GlobalSection(ExtensibilityGlobals) = postSolution
		SolutionGuid = {9036DD6E-1060-45FD-AA65-9107799A544F}
	EndGlobalSection
EndGlobal
